// !$*UTF8*$!
{
	archiveVersion = 1;
	classes = {
	};
	objectVersion = 54;
	objects = {

/* Begin PBXBuildFile section */
		00E356F31AD99517003FC87E /* chicago_tabernacleTests.m in Sources */ = {isa = PBXBuildFile; fileRef = 00E356F21AD99517003FC87E /* chicago_tabernacleTests.m */; };
		13B07FBC1A68108700A75B9A /* AppDelegate.m in Sources */ = {isa = PBXBuildFile; fileRef = 13B07FB01A68108700A75B9A /* AppDelegate.m */; };
		13B07FBF1A68108700A75B9A /* Images.xcassets in Resources */ = {isa = PBXBuildFile; fileRef = 13B07FB51A68108700A75B9A /* Images.xcassets */; };
		13B07FC11A68108700A75B9A /* main.m in Sources */ = {isa = PBXBuildFile; fileRef = 13B07FB71A68108700A75B9A /* main.m */; };
		81AB9BB82411601600AC10FF /* LaunchScreen.storyboard in Resources */ = {isa = PBXBuildFile; fileRef = 81AB9BB72411601600AC10FF /* LaunchScreen.storyboard */; };
		23F41670FFD24F64B70C64FD /* Oswald-Bold.ttf in Resources */ = {isa = PBXBuildFile; fileRef = EDC54B6A2AC74E18B01430E7 /* Oswald-Bold.ttf */; };
		6B8B1C46C3A445AA89622BDA /* Oswald-ExtraLight.ttf in Resources */ = {isa = PBXBuildFile; fileRef = 3EE0CFF1CB6D4720B7AB950B /* Oswald-ExtraLight.ttf */; };
		20E52F70F5944A14902C7A18 /* Oswald-Light.ttf in Resources */ = {isa = PBXBuildFile; fileRef = 772327AE70E14269BCC44150 /* Oswald-Light.ttf */; };
		002C07CA88E74FE48599167D /* Oswald-Medium.ttf in Resources */ = {isa = PBXBuildFile; fileRef = E9296F8B9DBB470FA1CE3A0C /* Oswald-Medium.ttf */; };
		6ADEC8CB9F0D441C907B0817 /* Oswald-Regular.ttf in Resources */ = {isa = PBXBuildFile; fileRef = 3C20988422D64529A9A76366 /* Oswald-Regular.ttf */; };
		1F1560A78E6F425DBB195102 /* Oswald-SemiBold.ttf in Resources */ = {isa = PBXBuildFile; fileRef = 5005F59B728C4BC99A6BD816 /* Oswald-SemiBold.ttf */; };
		DEE18E09A210423C993621A6 /* Lato-Black.ttf in Resources */ = {isa = PBXBuildFile; fileRef = E00150349C1149A4ADF05934 /* Lato-Black.ttf */; };
		E540B9ACF1DE4142A3970FC5 /* Lato-BlackItalic.ttf in Resources */ = {isa = PBXBuildFile; fileRef = C7BA7ECC444D4918ACB1C774 /* Lato-BlackItalic.ttf */; };
		6FDEEA4BB277418E8314A269 /* Lato-Bold.ttf in Resources */ = {isa = PBXBuildFile; fileRef = E600502185C949C7818E6278 /* Lato-Bold.ttf */; };
		3B6E3701220245A29A9A5956 /* Lato-BoldItalic.ttf in Resources */ = {isa = PBXBuildFile; fileRef = A1FD88F1E6FA44F2BEF391FD /* Lato-BoldItalic.ttf */; };
		0706070B4EDB4B2DB248CF85 /* Lato-Italic.ttf in Resources */ = {isa = PBXBuildFile; fileRef = FD15CCF104CA4C38845CC8AC /* Lato-Italic.ttf */; };
		2ACCDA4AF17240B1A6611503 /* Lato-Light.ttf in Resources */ = {isa = PBXBuildFile; fileRef = 8D9B7D8C8790440A8A61F078 /* Lato-Light.ttf */; };
		18645677E38940F8B8D9B931 /* Lato-LightItalic.ttf in Resources */ = {isa = PBXBuildFile; fileRef = E1EC98312F7F4A31B43036AB /* Lato-LightItalic.ttf */; };
		2633E9C14A85439BBCC93CED /* Lato-Regular.ttf in Resources */ = {isa = PBXBuildFile; fileRef = 9BC8BA54AA3B4A74A330FE30 /* Lato-Regular.ttf */; };
		5087F183D8BE4917AF5AEAF6 /* Lato-Thin.ttf in Resources */ = {isa = PBXBuildFile; fileRef = 6311ECB986704CC18184CD6A /* Lato-Thin.ttf */; };
		27CCB7720D28480EAF2543DA /* Lato-ThinItalic.ttf in Resources */ = {isa = PBXBuildFile; fileRef = D2DD7D25254D440CA266C3AD /* Lato-ThinItalic.ttf */; };
		0E5E807DD8B44391B7070405 /* KiwiMaru-Light.ttf in Resources */ = {isa = PBXBuildFile; fileRef = CCAD2053F7424432AB83E5B4 /* KiwiMaru-Light.ttf */; };
		7ED513140D5B442FB54BBE35 /* KiwiMaru-Medium.ttf in Resources */ = {isa = PBXBuildFile; fileRef = E8E7973B38A34B80B88E4911 /* KiwiMaru-Medium.ttf */; };
		1C28EBD67A3F4849ACD3FE74 /* KiwiMaru-Regular.ttf in Resources */ = {isa = PBXBuildFile; fileRef = 0D44D04E79F24842934ADEA8 /* KiwiMaru-Regular.ttf */; };
		4CE813379FDB426AB0C211E9 /* Poppins-Regular.ttf in Resources */ = {isa = PBXBuildFile; fileRef = 2BCAF6C3AB5D4629B7F8C499 /* Poppins-Regular.ttf */; };
		9994CA5B41814E6DB1A1C953 /* AntDesign.ttf in Resources */ = {isa = PBXBuildFile; fileRef = 5053068E6DC84A64B5DA8128 /* AntDesign.ttf */; };
		ACED25314C2142D9A77CB1C9 /* Entypo.ttf in Resources */ = {isa = PBXBuildFile; fileRef = E5E0EA3D6D13491EA41A83EB /* Entypo.ttf */; };
		CA8E9BBFB98947A69983C576 /* EvilIcons.ttf in Resources */ = {isa = PBXBuildFile; fileRef = 31EF2357F6BF4EF5BC747F87 /* EvilIcons.ttf */; };
		98824DB179F3472BAC1CB1FE /* Feather.ttf in Resources */ = {isa = PBXBuildFile; fileRef = 56ECF3AF34354665A20ED739 /* Feather.ttf */; };
		C5BC9580D295478DADBC970B /* FontAwesome.ttf in Resources */ = {isa = PBXBuildFile; fileRef = E1232987DD6A4BDE8DF0897A /* FontAwesome.ttf */; };
		AAD5BF9F485A47EAB0214B62 /* FontAwesome5_Brands.ttf in Resources */ = {isa = PBXBuildFile; fileRef = 006540A7A80C4924AFD3B5ED /* FontAwesome5_Brands.ttf */; };
		CFAE87A15C024F73809A9B39 /* FontAwesome5_Regular.ttf in Resources */ = {isa = PBXBuildFile; fileRef = 75D1293EFBE44B09941AFEEA /* FontAwesome5_Regular.ttf */; };
		1D12D4A0AC5C46DB963818E9 /* FontAwesome5_Solid.ttf in Resources */ = {isa = PBXBuildFile; fileRef = 3383DE373645464EB70B8758 /* FontAwesome5_Solid.ttf */; };
		7A37759A68E04F4590AE3AAF /* Fontisto.ttf in Resources */ = {isa = PBXBuildFile; fileRef = C0679F7F1F994CA090A7A5CE /* Fontisto.ttf */; };
		3E2E23E2D1C34F30B71CFCC7 /* Foundation.ttf in Resources */ = {isa = PBXBuildFile; fileRef = B00C4717138240A4BF417528 /* Foundation.ttf */; };
		01E9C163AB7A47DFAB3F3F0F /* Ionicons.ttf in Resources */ = {isa = PBXBuildFile; fileRef = 0AED763BADBC43E39D3187FE /* Ionicons.ttf */; };
		70DD7FE93F4946BD9CCE2A10 /* MaterialCommunityIcons.ttf in Resources */ = {isa = PBXBuildFile; fileRef = B1122C5AE78F4C1C89AC8B8D /* MaterialCommunityIcons.ttf */; };
		266A15520E5848E3A827B6C7 /* MaterialIcons.ttf in Resources */ = {isa = PBXBuildFile; fileRef = 516D5143C907465997145018 /* MaterialIcons.ttf */; };
		268B303A653A4288AD581091 /* Octicons.ttf in Resources */ = {isa = PBXBuildFile; fileRef = AF6B3D0CC35648D6BA8FBEAA /* Octicons.ttf */; };
		1427DEFEBF3B4BB9A6427134 /* SimpleLineIcons.ttf in Resources */ = {isa = PBXBuildFile; fileRef = 29714460A14F4A38A2A16E28 /* SimpleLineIcons.ttf */; };
		38943BB5C6B940CB92BF9258 /* Zocial.ttf in Resources */ = {isa = PBXBuildFile; fileRef = 3B0EF6FB6ED44209A4C03F10 /* Zocial.ttf */; };
		B1BE3336DC4D439EA366F79A /* vincHand.ttf in Resources */ = {isa = PBXBuildFile; fileRef = D975DEF25ECA4F71B8B7810F /* vincHand.ttf */; };
		E51212D9BB3249B688A85626 /* Roboto-Regular.ttf in Resources */ = {isa = PBXBuildFile; fileRef = 72D366ADFAD4410BB8C2597C /* Roboto-Regular.ttf */; };
		B7961B3D1D9543C9A72A54FD /* NewTegomin-Regular.ttf in Resources */ = {isa = PBXBuildFile; fileRef = 55910FF500BF44E4832EBA40 /* NewTegomin-Regular.ttf */; };
		49D220FFFDCE453BBFF22E42 /* Roboto-Regular.ttf in Resources */ = {isa = PBXBuildFile; fileRef = 9695745391DC45BB8A8528E8 /* Roboto-Regular.ttf */; };
		56485E05F62C43D3993964ED /* Roboto-Black.ttf in Resources */ = {isa = PBXBuildFile; fileRef = 30F6F57A0902477E9766DDCD /* Roboto-Black.ttf */; };
		9A0E25280E674BB6ABDB2CC8 /* Roboto-BlackItalic.ttf in Resources */ = {isa = PBXBuildFile; fileRef = C1B03022645E44D68FC0CA49 /* Roboto-BlackItalic.ttf */; };
		D064EF47E9A040D1AB466A92 /* Roboto-Bold.ttf in Resources */ = {isa = PBXBuildFile; fileRef = F7E32B97FFFD46378DF82787 /* Roboto-Bold.ttf */; };
		6CE6A4D0744C47EB8951FB05 /* Roboto-BoldItalic.ttf in Resources */ = {isa = PBXBuildFile; fileRef = 1DA43243CC38495FB64656D6 /* Roboto-BoldItalic.ttf */; };
		A405D74E6B71426383725E7D /* Roboto-Italic.ttf in Resources */ = {isa = PBXBuildFile; fileRef = 4F284E9D7D1F4EF8A28DF873 /* Roboto-Italic.ttf */; };
		F9D48455369E4D078EAF5F81 /* Roboto-Light.ttf in Resources */ = {isa = PBXBuildFile; fileRef = 740A1839E9374F459F51DB45 /* Roboto-Light.ttf */; };
		E1F7185D0BD1496197D86FF9 /* Roboto-LightItalic.ttf in Resources */ = {isa = PBXBuildFile; fileRef = 09870B1E7A054A19BD75E990 /* Roboto-LightItalic.ttf */; };
		4604583023A444DEB12648B2 /* Roboto-Medium.ttf in Resources */ = {isa = PBXBuildFile; fileRef = 55B73FC21B854D96816467F5 /* Roboto-Medium.ttf */; };
		392ABCF450A64A2DBB5C4FDA /* Roboto-MediumItalic.ttf in Resources */ = {isa = PBXBuildFile; fileRef = 760E7D0E64AB4589A3E59939 /* Roboto-MediumItalic.ttf */; };
		E0B3541053694DD983281388 /* Roboto-Thin.ttf in Resources */ = {isa = PBXBuildFile; fileRef = A6F00F7C345545A68BAB5A52 /* Roboto-Thin.ttf */; };
		12EF71796ECF42ADB85D0903 /* Roboto-ThinItalic.ttf in Resources */ = {isa = PBXBuildFile; fileRef = 065843BE4E694401BB1573C8 /* Roboto-ThinItalic.ttf */; };
		D8DDC85E5D6D4FB4B9D631FB /* Roboto-Black.ttf in Resources */ = {isa = PBXBuildFile; fileRef = 7C4D5578823E40F09E434096 /* Roboto-Black.ttf */; };
		1CA2C3AAE2D14D268A02C8DC /* Roboto-BlackItalic.ttf in Resources */ = {isa = PBXBuildFile; fileRef = AAD9A8F9AA334D078FD9F2FA /* Roboto-BlackItalic.ttf */; };
		D85ADA164DB1486CB335861D /* Roboto-Bold.ttf in Resources */ = {isa = PBXBuildFile; fileRef = F70B03F73BB84A22B44E9440 /* Roboto-Bold.ttf */; };
		55D259FA3538466B992245AC /* Roboto-BoldItalic.ttf in Resources */ = {isa = PBXBuildFile; fileRef = 7ADB95ADB91741ACA4D01272 /* Roboto-BoldItalic.ttf */; };
		91D994BF9F3D46D596D02911 /* Roboto-Italic.ttf in Resources */ = {isa = PBXBuildFile; fileRef = DBD4B08D9B57480CB08ED5A4 /* Roboto-Italic.ttf */; };
		CCFAF3C27ECE4883A9346DCE /* Roboto-Light.ttf in Resources */ = {isa = PBXBuildFile; fileRef = 2AB30ADFD1D94F86BA4E51D6 /* Roboto-Light.ttf */; };
		2B203C4E9ECF44F78801EEB3 /* Roboto-LightItalic.ttf in Resources */ = {isa = PBXBuildFile; fileRef = 22A1B81A0B804D02AA47FD36 /* Roboto-LightItalic.ttf */; };
		DA033C1F263346FCBFA7BC04 /* Roboto-Medium.ttf in Resources */ = {isa = PBXBuildFile; fileRef = 91CD55BCADBA463BA066BB2F /* Roboto-Medium.ttf */; };
		B668C6D0D60A46BD8B32E71B /* Roboto-MediumItalic.ttf in Resources */ = {isa = PBXBuildFile; fileRef = AD84C97DAEB041E08E18DC68 /* Roboto-MediumItalic.ttf */; };
		5BB5EE28C6D04F9E8BBEE6A6 /* Roboto-Thin.ttf in Resources */ = {isa = PBXBuildFile; fileRef = B322AB25C4544DA2BD2D5662 /* Roboto-Thin.ttf */; };
		AE8C382662024E4C8E220756 /* Roboto-ThinItalic.ttf in Resources */ = {isa = PBXBuildFile; fileRef = 6F3638EAC51343A5BA7848B6 /* Roboto-ThinItalic.ttf */; };
/* End PBXBuildFile section */

/* Begin PBXContainerItemProxy section */
		00E356F41AD99517003FC87E /* PBXContainerItemProxy */ = {
			isa = PBXContainerItemProxy;
			containerPortal = 83CBB9F71A601CBA00E9B192 /* Project object */;
			proxyType = 1;
			remoteGlobalIDString = 13B07F861A680F5B00A75B9A;
			remoteInfo = chicago_tabernacle;
		};
/* End PBXContainerItemProxy section */

/* Begin PBXFileReference section */
		00E356EE1AD99517003FC87E /* chicago_tabernacleTests.xctest */ = {isa = PBXFileReference; explicitFileType = wrapper.cfbundle; includeInIndex = 0; path = chicago_tabernacleTests.xctest; sourceTree = BUILT_PRODUCTS_DIR; };
		00E356F11AD99517003FC87E /* Info.plist */ = {isa = PBXFileReference; lastKnownFileType = text.plist.xml; path = Info.plist; sourceTree = "<group>"; };
		00E356F21AD99517003FC87E /* chicago_tabernacleTests.m */ = {isa = PBXFileReference; lastKnownFileType = sourcecode.c.objc; path = chicago_tabernacleTests.m; sourceTree = "<group>"; };
		13B07F961A680F5B00A75B9A /* chicago_tabernacle.app */ = {isa = PBXFileReference; explicitFileType = wrapper.application; includeInIndex = 0; path = chicago_tabernacle.app; sourceTree = BUILT_PRODUCTS_DIR; };
		13B07FAF1A68108700A75B9A /* AppDelegate.h */ = {isa = PBXFileReference; fileEncoding = 4; lastKnownFileType = sourcecode.c.h; name = AppDelegate.h; path = chicago_tabernacle/AppDelegate.h; sourceTree = "<group>"; };
		13B07FB01A68108700A75B9A /* AppDelegate.m */ = {isa = PBXFileReference; fileEncoding = 4; lastKnownFileType = sourcecode.c.objc; name = AppDelegate.m; path = chicago_tabernacle/AppDelegate.m; sourceTree = "<group>"; };
		13B07FB51A68108700A75B9A /* Images.xcassets */ = {isa = PBXFileReference; lastKnownFileType = folder.assetcatalog; name = Images.xcassets; path = chicago_tabernacle/Images.xcassets; sourceTree = "<group>"; };
		13B07FB61A68108700A75B9A /* Info.plist */ = {isa = PBXFileReference; fileEncoding = 4; lastKnownFileType = text.plist.xml; name = Info.plist; path = chicago_tabernacle/Info.plist; sourceTree = "<group>"; };
		13B07FB71A68108700A75B9A /* main.m */ = {isa = PBXFileReference; fileEncoding = 4; lastKnownFileType = sourcecode.c.objc; name = main.m; path = chicago_tabernacle/main.m; sourceTree = "<group>"; };
		81AB9BB72411601600AC10FF /* LaunchScreen.storyboard */ = {isa = PBXFileReference; fileEncoding = 4; lastKnownFileType = file.storyboard; name = LaunchScreen.storyboard; path = chicago_tabernacle/LaunchScreen.storyboard; sourceTree = "<group>"; };
		ED297162215061F000B7C4FE /* JavaScriptCore.framework */ = {isa = PBXFileReference; lastKnownFileType = wrapper.framework; name = JavaScriptCore.framework; path = System/Library/Frameworks/JavaScriptCore.framework; sourceTree = SDKROOT; };
		EDC54B6A2AC74E18B01430E7 /* Oswald-Bold.ttf */ = {isa = PBXFileReference; name = "Oswald-Bold.ttf"; path = "../src/assets/fonts/Oswald-Bold.ttf"; sourceTree = "<group>"; fileEncoding = undefined; lastKnownFileType = unknown; explicitFileType = undefined; includeInIndex = 0; };
		3EE0CFF1CB6D4720B7AB950B /* Oswald-ExtraLight.ttf */ = {isa = PBXFileReference; name = "Oswald-ExtraLight.ttf"; path = "../src/assets/fonts/Oswald-ExtraLight.ttf"; sourceTree = "<group>"; fileEncoding = undefined; lastKnownFileType = unknown; explicitFileType = undefined; includeInIndex = 0; };
		772327AE70E14269BCC44150 /* Oswald-Light.ttf */ = {isa = PBXFileReference; name = "Oswald-Light.ttf"; path = "../src/assets/fonts/Oswald-Light.ttf"; sourceTree = "<group>"; fileEncoding = undefined; lastKnownFileType = unknown; explicitFileType = undefined; includeInIndex = 0; };
		E9296F8B9DBB470FA1CE3A0C /* Oswald-Medium.ttf */ = {isa = PBXFileReference; name = "Oswald-Medium.ttf"; path = "../src/assets/fonts/Oswald-Medium.ttf"; sourceTree = "<group>"; fileEncoding = undefined; lastKnownFileType = unknown; explicitFileType = undefined; includeInIndex = 0; };
		3C20988422D64529A9A76366 /* Oswald-Regular.ttf */ = {isa = PBXFileReference; name = "Oswald-Regular.ttf"; path = "../src/assets/fonts/Oswald-Regular.ttf"; sourceTree = "<group>"; fileEncoding = undefined; lastKnownFileType = unknown; explicitFileType = undefined; includeInIndex = 0; };
		5005F59B728C4BC99A6BD816 /* Oswald-SemiBold.ttf */ = {isa = PBXFileReference; name = "Oswald-SemiBold.ttf"; path = "../src/assets/fonts/Oswald-SemiBold.ttf"; sourceTree = "<group>"; fileEncoding = undefined; lastKnownFileType = unknown; explicitFileType = undefined; includeInIndex = 0; };
		E00150349C1149A4ADF05934 /* Lato-Black.ttf */ = {isa = PBXFileReference; name = "Lato-Black.ttf"; path = "../src/assets/fonts/Lato-Black.ttf"; sourceTree = "<group>"; fileEncoding = undefined; lastKnownFileType = unknown; explicitFileType = undefined; includeInIndex = 0; };
		C7BA7ECC444D4918ACB1C774 /* Lato-BlackItalic.ttf */ = {isa = PBXFileReference; name = "Lato-BlackItalic.ttf"; path = "../src/assets/fonts/Lato-BlackItalic.ttf"; sourceTree = "<group>"; fileEncoding = undefined; lastKnownFileType = unknown; explicitFileType = undefined; includeInIndex = 0; };
		E600502185C949C7818E6278 /* Lato-Bold.ttf */ = {isa = PBXFileReference; name = "Lato-Bold.ttf"; path = "../src/assets/fonts/Lato-Bold.ttf"; sourceTree = "<group>"; fileEncoding = undefined; lastKnownFileType = unknown; explicitFileType = undefined; includeInIndex = 0; };
		A1FD88F1E6FA44F2BEF391FD /* Lato-BoldItalic.ttf */ = {isa = PBXFileReference; name = "Lato-BoldItalic.ttf"; path = "../src/assets/fonts/Lato-BoldItalic.ttf"; sourceTree = "<group>"; fileEncoding = undefined; lastKnownFileType = unknown; explicitFileType = undefined; includeInIndex = 0; };
		FD15CCF104CA4C38845CC8AC /* Lato-Italic.ttf */ = {isa = PBXFileReference; name = "Lato-Italic.ttf"; path = "../src/assets/fonts/Lato-Italic.ttf"; sourceTree = "<group>"; fileEncoding = undefined; lastKnownFileType = unknown; explicitFileType = undefined; includeInIndex = 0; };
		8D9B7D8C8790440A8A61F078 /* Lato-Light.ttf */ = {isa = PBXFileReference; name = "Lato-Light.ttf"; path = "../src/assets/fonts/Lato-Light.ttf"; sourceTree = "<group>"; fileEncoding = undefined; lastKnownFileType = unknown; explicitFileType = undefined; includeInIndex = 0; };
		E1EC98312F7F4A31B43036AB /* Lato-LightItalic.ttf */ = {isa = PBXFileReference; name = "Lato-LightItalic.ttf"; path = "../src/assets/fonts/Lato-LightItalic.ttf"; sourceTree = "<group>"; fileEncoding = undefined; lastKnownFileType = unknown; explicitFileType = undefined; includeInIndex = 0; };
		9BC8BA54AA3B4A74A330FE30 /* Lato-Regular.ttf */ = {isa = PBXFileReference; name = "Lato-Regular.ttf"; path = "../src/assets/fonts/Lato-Regular.ttf"; sourceTree = "<group>"; fileEncoding = undefined; lastKnownFileType = unknown; explicitFileType = undefined; includeInIndex = 0; };
		6311ECB986704CC18184CD6A /* Lato-Thin.ttf */ = {isa = PBXFileReference; name = "Lato-Thin.ttf"; path = "../src/assets/fonts/Lato-Thin.ttf"; sourceTree = "<group>"; fileEncoding = undefined; lastKnownFileType = unknown; explicitFileType = undefined; includeInIndex = 0; };
		D2DD7D25254D440CA266C3AD /* Lato-ThinItalic.ttf */ = {isa = PBXFileReference; name = "Lato-ThinItalic.ttf"; path = "../src/assets/fonts/Lato-ThinItalic.ttf"; sourceTree = "<group>"; fileEncoding = undefined; lastKnownFileType = unknown; explicitFileType = undefined; includeInIndex = 0; };
		CCAD2053F7424432AB83E5B4 /* KiwiMaru-Light.ttf */ = {isa = PBXFileReference; name = "KiwiMaru-Light.ttf"; path = "../src/assets/fonts/KiwiMaru-Light.ttf"; sourceTree = "<group>"; fileEncoding = undefined; lastKnownFileType = unknown; explicitFileType = undefined; includeInIndex = 0; };
		E8E7973B38A34B80B88E4911 /* KiwiMaru-Medium.ttf */ = {isa = PBXFileReference; name = "KiwiMaru-Medium.ttf"; path = "../src/assets/fonts/KiwiMaru-Medium.ttf"; sourceTree = "<group>"; fileEncoding = undefined; lastKnownFileType = unknown; explicitFileType = undefined; includeInIndex = 0; };
		0D44D04E79F24842934ADEA8 /* KiwiMaru-Regular.ttf */ = {isa = PBXFileReference; name = "KiwiMaru-Regular.ttf"; path = "../src/assets/fonts/KiwiMaru-Regular.ttf"; sourceTree = "<group>"; fileEncoding = undefined; lastKnownFileType = unknown; explicitFileType = undefined; includeInIndex = 0; };
		2BCAF6C3AB5D4629B7F8C499 /* Poppins-Regular.ttf */ = {isa = PBXFileReference; name = "Poppins-Regular.ttf"; path = "../src/assets/fonts/Poppins-Regular.ttf"; sourceTree = "<group>"; fileEncoding = undefined; lastKnownFileType = unknown; explicitFileType = undefined; includeInIndex = 0; };
		5053068E6DC84A64B5DA8128 /* AntDesign.ttf */ = {isa = PBXFileReference; name = "AntDesign.ttf"; path = "../node_modules/react-native-vector-icons/Fonts/AntDesign.ttf"; sourceTree = "<group>"; fileEncoding = undefined; lastKnownFileType = unknown; explicitFileType = undefined; includeInIndex = 0; };
		E5E0EA3D6D13491EA41A83EB /* Entypo.ttf */ = {isa = PBXFileReference; name = "Entypo.ttf"; path = "../node_modules/react-native-vector-icons/Fonts/Entypo.ttf"; sourceTree = "<group>"; fileEncoding = undefined; lastKnownFileType = unknown; explicitFileType = undefined; includeInIndex = 0; };
		31EF2357F6BF4EF5BC747F87 /* EvilIcons.ttf */ = {isa = PBXFileReference; name = "EvilIcons.ttf"; path = "../node_modules/react-native-vector-icons/Fonts/EvilIcons.ttf"; sourceTree = "<group>"; fileEncoding = undefined; lastKnownFileType = unknown; explicitFileType = undefined; includeInIndex = 0; };
		56ECF3AF34354665A20ED739 /* Feather.ttf */ = {isa = PBXFileReference; name = "Feather.ttf"; path = "../node_modules/react-native-vector-icons/Fonts/Feather.ttf"; sourceTree = "<group>"; fileEncoding = undefined; lastKnownFileType = unknown; explicitFileType = undefined; includeInIndex = 0; };
		E1232987DD6A4BDE8DF0897A /* FontAwesome.ttf */ = {isa = PBXFileReference; name = "FontAwesome.ttf"; path = "../node_modules/react-native-vector-icons/Fonts/FontAwesome.ttf"; sourceTree = "<group>"; fileEncoding = undefined; lastKnownFileType = unknown; explicitFileType = undefined; includeInIndex = 0; };
		006540A7A80C4924AFD3B5ED /* FontAwesome5_Brands.ttf */ = {isa = PBXFileReference; name = "FontAwesome5_Brands.ttf"; path = "../node_modules/react-native-vector-icons/Fonts/FontAwesome5_Brands.ttf"; sourceTree = "<group>"; fileEncoding = undefined; lastKnownFileType = unknown; explicitFileType = undefined; includeInIndex = 0; };
		75D1293EFBE44B09941AFEEA /* FontAwesome5_Regular.ttf */ = {isa = PBXFileReference; name = "FontAwesome5_Regular.ttf"; path = "../node_modules/react-native-vector-icons/Fonts/FontAwesome5_Regular.ttf"; sourceTree = "<group>"; fileEncoding = undefined; lastKnownFileType = unknown; explicitFileType = undefined; includeInIndex = 0; };
		3383DE373645464EB70B8758 /* FontAwesome5_Solid.ttf */ = {isa = PBXFileReference; name = "FontAwesome5_Solid.ttf"; path = "../node_modules/react-native-vector-icons/Fonts/FontAwesome5_Solid.ttf"; sourceTree = "<group>"; fileEncoding = undefined; lastKnownFileType = unknown; explicitFileType = undefined; includeInIndex = 0; };
		C0679F7F1F994CA090A7A5CE /* Fontisto.ttf */ = {isa = PBXFileReference; name = "Fontisto.ttf"; path = "../node_modules/react-native-vector-icons/Fonts/Fontisto.ttf"; sourceTree = "<group>"; fileEncoding = undefined; lastKnownFileType = unknown; explicitFileType = undefined; includeInIndex = 0; };
		B00C4717138240A4BF417528 /* Foundation.ttf */ = {isa = PBXFileReference; name = "Foundation.ttf"; path = "../node_modules/react-native-vector-icons/Fonts/Foundation.ttf"; sourceTree = "<group>"; fileEncoding = undefined; lastKnownFileType = unknown; explicitFileType = undefined; includeInIndex = 0; };
		0AED763BADBC43E39D3187FE /* Ionicons.ttf */ = {isa = PBXFileReference; name = "Ionicons.ttf"; path = "../node_modules/react-native-vector-icons/Fonts/Ionicons.ttf"; sourceTree = "<group>"; fileEncoding = undefined; lastKnownFileType = unknown; explicitFileType = undefined; includeInIndex = 0; };
		B1122C5AE78F4C1C89AC8B8D /* MaterialCommunityIcons.ttf */ = {isa = PBXFileReference; name = "MaterialCommunityIcons.ttf"; path = "../node_modules/react-native-vector-icons/Fonts/MaterialCommunityIcons.ttf"; sourceTree = "<group>"; fileEncoding = undefined; lastKnownFileType = unknown; explicitFileType = undefined; includeInIndex = 0; };
		516D5143C907465997145018 /* MaterialIcons.ttf */ = {isa = PBXFileReference; name = "MaterialIcons.ttf"; path = "../node_modules/react-native-vector-icons/Fonts/MaterialIcons.ttf"; sourceTree = "<group>"; fileEncoding = undefined; lastKnownFileType = unknown; explicitFileType = undefined; includeInIndex = 0; };
		AF6B3D0CC35648D6BA8FBEAA /* Octicons.ttf */ = {isa = PBXFileReference; name = "Octicons.ttf"; path = "../node_modules/react-native-vector-icons/Fonts/Octicons.ttf"; sourceTree = "<group>"; fileEncoding = undefined; lastKnownFileType = unknown; explicitFileType = undefined; includeInIndex = 0; };
		29714460A14F4A38A2A16E28 /* SimpleLineIcons.ttf */ = {isa = PBXFileReference; name = "SimpleLineIcons.ttf"; path = "../node_modules/react-native-vector-icons/Fonts/SimpleLineIcons.ttf"; sourceTree = "<group>"; fileEncoding = undefined; lastKnownFileType = unknown; explicitFileType = undefined; includeInIndex = 0; };
		3B0EF6FB6ED44209A4C03F10 /* Zocial.ttf */ = {isa = PBXFileReference; name = "Zocial.ttf"; path = "../node_modules/react-native-vector-icons/Fonts/Zocial.ttf"; sourceTree = "<group>"; fileEncoding = undefined; lastKnownFileType = unknown; explicitFileType = undefined; includeInIndex = 0; };
		D975DEF25ECA4F71B8B7810F /* vincHand.ttf */ = {isa = PBXFileReference; name = "vincHand.ttf"; path = "../src/assets/fonts/vincHand.ttf"; sourceTree = "<group>"; fileEncoding = undefined; lastKnownFileType = unknown; explicitFileType = undefined; includeInIndex = 0; };
		72D366ADFAD4410BB8C2597C /* Roboto-Regular.ttf */ = {isa = PBXFileReference; name = "Roboto-Regular.ttf"; path = "../src/assets/fonts/Roboto-Regular.ttf"; sourceTree = "<group>"; fileEncoding = undefined; lastKnownFileType = unknown; explicitFileType = undefined; includeInIndex = 0; };
		55910FF500BF44E4832EBA40 /* NewTegomin-Regular.ttf */ = {isa = PBXFileReference; name = "NewTegomin-Regular.ttf"; path = "../assets/fonts/NewTegomin-Regular.ttf"; sourceTree = "<group>"; fileEncoding = undefined; lastKnownFileType = unknown; explicitFileType = undefined; includeInIndex = 0; };
		9695745391DC45BB8A8528E8 /* Roboto-Regular.ttf */ = {isa = PBXFileReference; name = "Roboto-Regular.ttf"; path = "../assets/fonts/Roboto-Regular.ttf"; sourceTree = "<group>"; fileEncoding = undefined; lastKnownFileType = unknown; explicitFileType = undefined; includeInIndex = 0; };
		30F6F57A0902477E9766DDCD /* Roboto-Black.ttf */ = {isa = PBXFileReference; name = "Roboto-Black.ttf"; path = "../assets/fonts/Roboto-Black.ttf"; sourceTree = "<group>"; fileEncoding = undefined; lastKnownFileType = unknown; explicitFileType = undefined; includeInIndex = 0; };
		C1B03022645E44D68FC0CA49 /* Roboto-BlackItalic.ttf */ = {isa = PBXFileReference; name = "Roboto-BlackItalic.ttf"; path = "../assets/fonts/Roboto-BlackItalic.ttf"; sourceTree = "<group>"; fileEncoding = undefined; lastKnownFileType = unknown; explicitFileType = undefined; includeInIndex = 0; };
		F7E32B97FFFD46378DF82787 /* Roboto-Bold.ttf */ = {isa = PBXFileReference; name = "Roboto-Bold.ttf"; path = "../assets/fonts/Roboto-Bold.ttf"; sourceTree = "<group>"; fileEncoding = undefined; lastKnownFileType = unknown; explicitFileType = undefined; includeInIndex = 0; };
		1DA43243CC38495FB64656D6 /* Roboto-BoldItalic.ttf */ = {isa = PBXFileReference; name = "Roboto-BoldItalic.ttf"; path = "../assets/fonts/Roboto-BoldItalic.ttf"; sourceTree = "<group>"; fileEncoding = undefined; lastKnownFileType = unknown; explicitFileType = undefined; includeInIndex = 0; };
		4F284E9D7D1F4EF8A28DF873 /* Roboto-Italic.ttf */ = {isa = PBXFileReference; name = "Roboto-Italic.ttf"; path = "../assets/fonts/Roboto-Italic.ttf"; sourceTree = "<group>"; fileEncoding = undefined; lastKnownFileType = unknown; explicitFileType = undefined; includeInIndex = 0; };
		740A1839E9374F459F51DB45 /* Roboto-Light.ttf */ = {isa = PBXFileReference; name = "Roboto-Light.ttf"; path = "../assets/fonts/Roboto-Light.ttf"; sourceTree = "<group>"; fileEncoding = undefined; lastKnownFileType = unknown; explicitFileType = undefined; includeInIndex = 0; };
		09870B1E7A054A19BD75E990 /* Roboto-LightItalic.ttf */ = {isa = PBXFileReference; name = "Roboto-LightItalic.ttf"; path = "../assets/fonts/Roboto-LightItalic.ttf"; sourceTree = "<group>"; fileEncoding = undefined; lastKnownFileType = unknown; explicitFileType = undefined; includeInIndex = 0; };
		55B73FC21B854D96816467F5 /* Roboto-Medium.ttf */ = {isa = PBXFileReference; name = "Roboto-Medium.ttf"; path = "../assets/fonts/Roboto-Medium.ttf"; sourceTree = "<group>"; fileEncoding = undefined; lastKnownFileType = unknown; explicitFileType = undefined; includeInIndex = 0; };
		760E7D0E64AB4589A3E59939 /* Roboto-MediumItalic.ttf */ = {isa = PBXFileReference; name = "Roboto-MediumItalic.ttf"; path = "../assets/fonts/Roboto-MediumItalic.ttf"; sourceTree = "<group>"; fileEncoding = undefined; lastKnownFileType = unknown; explicitFileType = undefined; includeInIndex = 0; };
		A6F00F7C345545A68BAB5A52 /* Roboto-Thin.ttf */ = {isa = PBXFileReference; name = "Roboto-Thin.ttf"; path = "../assets/fonts/Roboto-Thin.ttf"; sourceTree = "<group>"; fileEncoding = undefined; lastKnownFileType = unknown; explicitFileType = undefined; includeInIndex = 0; };
		065843BE4E694401BB1573C8 /* Roboto-ThinItalic.ttf */ = {isa = PBXFileReference; name = "Roboto-ThinItalic.ttf"; path = "../assets/fonts/Roboto-ThinItalic.ttf"; sourceTree = "<group>"; fileEncoding = undefined; lastKnownFileType = unknown; explicitFileType = undefined; includeInIndex = 0; };
		7C4D5578823E40F09E434096 /* Roboto-Black.ttf */ = {isa = PBXFileReference; name = "Roboto-Black.ttf"; path = "../src/assets/fonts/Roboto-Black.ttf"; sourceTree = "<group>"; fileEncoding = undefined; lastKnownFileType = unknown; explicitFileType = undefined; includeInIndex = 0; };
		AAD9A8F9AA334D078FD9F2FA /* Roboto-BlackItalic.ttf */ = {isa = PBXFileReference; name = "Roboto-BlackItalic.ttf"; path = "../src/assets/fonts/Roboto-BlackItalic.ttf"; sourceTree = "<group>"; fileEncoding = undefined; lastKnownFileType = unknown; explicitFileType = undefined; includeInIndex = 0; };
		F70B03F73BB84A22B44E9440 /* Roboto-Bold.ttf */ = {isa = PBXFileReference; name = "Roboto-Bold.ttf"; path = "../src/assets/fonts/Roboto-Bold.ttf"; sourceTree = "<group>"; fileEncoding = undefined; lastKnownFileType = unknown; explicitFileType = undefined; includeInIndex = 0; };
		7ADB95ADB91741ACA4D01272 /* Roboto-BoldItalic.ttf */ = {isa = PBXFileReference; name = "Roboto-BoldItalic.ttf"; path = "../src/assets/fonts/Roboto-BoldItalic.ttf"; sourceTree = "<group>"; fileEncoding = undefined; lastKnownFileType = unknown; explicitFileType = undefined; includeInIndex = 0; };
		DBD4B08D9B57480CB08ED5A4 /* Roboto-Italic.ttf */ = {isa = PBXFileReference; name = "Roboto-Italic.ttf"; path = "../src/assets/fonts/Roboto-Italic.ttf"; sourceTree = "<group>"; fileEncoding = undefined; lastKnownFileType = unknown; explicitFileType = undefined; includeInIndex = 0; };
		2AB30ADFD1D94F86BA4E51D6 /* Roboto-Light.ttf */ = {isa = PBXFileReference; name = "Roboto-Light.ttf"; path = "../src/assets/fonts/Roboto-Light.ttf"; sourceTree = "<group>"; fileEncoding = undefined; lastKnownFileType = unknown; explicitFileType = undefined; includeInIndex = 0; };
		22A1B81A0B804D02AA47FD36 /* Roboto-LightItalic.ttf */ = {isa = PBXFileReference; name = "Roboto-LightItalic.ttf"; path = "../src/assets/fonts/Roboto-LightItalic.ttf"; sourceTree = "<group>"; fileEncoding = undefined; lastKnownFileType = unknown; explicitFileType = undefined; includeInIndex = 0; };
		91CD55BCADBA463BA066BB2F /* Roboto-Medium.ttf */ = {isa = PBXFileReference; name = "Roboto-Medium.ttf"; path = "../src/assets/fonts/Roboto-Medium.ttf"; sourceTree = "<group>"; fileEncoding = undefined; lastKnownFileType = unknown; explicitFileType = undefined; includeInIndex = 0; };
		AD84C97DAEB041E08E18DC68 /* Roboto-MediumItalic.ttf */ = {isa = PBXFileReference; name = "Roboto-MediumItalic.ttf"; path = "../src/assets/fonts/Roboto-MediumItalic.ttf"; sourceTree = "<group>"; fileEncoding = undefined; lastKnownFileType = unknown; explicitFileType = undefined; includeInIndex = 0; };
		B322AB25C4544DA2BD2D5662 /* Roboto-Thin.ttf */ = {isa = PBXFileReference; name = "Roboto-Thin.ttf"; path = "../src/assets/fonts/Roboto-Thin.ttf"; sourceTree = "<group>"; fileEncoding = undefined; lastKnownFileType = unknown; explicitFileType = undefined; includeInIndex = 0; };
		6F3638EAC51343A5BA7848B6 /* Roboto-ThinItalic.ttf */ = {isa = PBXFileReference; name = "Roboto-ThinItalic.ttf"; path = "../src/assets/fonts/Roboto-ThinItalic.ttf"; sourceTree = "<group>"; fileEncoding = undefined; lastKnownFileType = unknown; explicitFileType = undefined; includeInIndex = 0; };
/* End PBXFileReference section */

/* Begin PBXFrameworksBuildPhase section */
		00E356EB1AD99517003FC87E /* Frameworks */ = {
			isa = PBXFrameworksBuildPhase;
			buildActionMask = 2147483647;
			files = (
			);
			runOnlyForDeploymentPostprocessing = 0;
		};
		13B07F8C1A680F5B00A75B9A /* Frameworks */ = {
			isa = PBXFrameworksBuildPhase;
			buildActionMask = 2147483647;
			files = (
			);
			runOnlyForDeploymentPostprocessing = 0;
		};
/* End PBXFrameworksBuildPhase section */

/* Begin PBXGroup section */
		00E356EF1AD99517003FC87E /* chicago_tabernacleTests */ = {
			isa = PBXGroup;
			children = (
				00E356F21AD99517003FC87E /* chicago_tabernacleTests.m */,
				00E356F01AD99517003FC87E /* Supporting Files */,
			);
			path = chicago_tabernacleTests;
			sourceTree = "<group>";
		};
		00E356F01AD99517003FC87E /* Supporting Files */ = {
			isa = PBXGroup;
			children = (
				00E356F11AD99517003FC87E /* Info.plist */,
			);
			name = "Supporting Files";
			sourceTree = "<group>";
		};
		13B07FAE1A68108700A75B9A /* chicago_tabernacle */ = {
			isa = PBXGroup;
			children = (
				13B07FAF1A68108700A75B9A /* AppDelegate.h */,
				13B07FB01A68108700A75B9A /* AppDelegate.m */,
				13B07FB51A68108700A75B9A /* Images.xcassets */,
				13B07FB61A68108700A75B9A /* Info.plist */,
				81AB9BB72411601600AC10FF /* LaunchScreen.storyboard */,
				13B07FB71A68108700A75B9A /* main.m */,
			);
			name = chicago_tabernacle;
			sourceTree = "<group>";
		};
		2D16E6871FA4F8E400B85C8A /* Frameworks */ = {
			isa = PBXGroup;
			children = (
				ED297162215061F000B7C4FE /* JavaScriptCore.framework */,
			);
			name = Frameworks;
			sourceTree = "<group>";
		};
		832341AE1AAA6A7D00B99B32 /* Libraries */ = {
			isa = PBXGroup;
			children = (
			);
			name = Libraries;
			sourceTree = "<group>";
		};
		83CBB9F61A601CBA00E9B192 = {
			isa = PBXGroup;
			children = (
				13B07FAE1A68108700A75B9A /* chicago_tabernacle */,
				832341AE1AAA6A7D00B99B32 /* Libraries */,
				00E356EF1AD99517003FC87E /* chicago_tabernacleTests */,
				83CBBA001A601CBA00E9B192 /* Products */,
				2D16E6871FA4F8E400B85C8A /* Frameworks */,
				6A429C0C95FD4F06889DA0E5 /* Resources */,
			);
			indentWidth = 2;
			sourceTree = "<group>";
			tabWidth = 2;
			usesTabs = 0;
		};
		83CBBA001A601CBA00E9B192 /* Products */ = {
			isa = PBXGroup;
			children = (
				13B07F961A680F5B00A75B9A /* chicago_tabernacle.app */,
				00E356EE1AD99517003FC87E /* chicago_tabernacleTests.xctest */,
			);
			name = Products;
			sourceTree = "<group>";
		};
		6A429C0C95FD4F06889DA0E5 /* Resources */ = {
			isa = "PBXGroup";
			children = (
				EDC54B6A2AC74E18B01430E7 /* Oswald-Bold.ttf */,
				3EE0CFF1CB6D4720B7AB950B /* Oswald-ExtraLight.ttf */,
				772327AE70E14269BCC44150 /* Oswald-Light.ttf */,
				E9296F8B9DBB470FA1CE3A0C /* Oswald-Medium.ttf */,
				3C20988422D64529A9A76366 /* Oswald-Regular.ttf */,
				5005F59B728C4BC99A6BD816 /* Oswald-SemiBold.ttf */,
				E00150349C1149A4ADF05934 /* Lato-Black.ttf */,
				C7BA7ECC444D4918ACB1C774 /* Lato-BlackItalic.ttf */,
				E600502185C949C7818E6278 /* Lato-Bold.ttf */,
				A1FD88F1E6FA44F2BEF391FD /* Lato-BoldItalic.ttf */,
				FD15CCF104CA4C38845CC8AC /* Lato-Italic.ttf */,
				8D9B7D8C8790440A8A61F078 /* Lato-Light.ttf */,
				E1EC98312F7F4A31B43036AB /* Lato-LightItalic.ttf */,
				9BC8BA54AA3B4A74A330FE30 /* Lato-Regular.ttf */,
				6311ECB986704CC18184CD6A /* Lato-Thin.ttf */,
				D2DD7D25254D440CA266C3AD /* Lato-ThinItalic.ttf */,
				CCAD2053F7424432AB83E5B4 /* KiwiMaru-Light.ttf */,
				E8E7973B38A34B80B88E4911 /* KiwiMaru-Medium.ttf */,
				0D44D04E79F24842934ADEA8 /* KiwiMaru-Regular.ttf */,
				2BCAF6C3AB5D4629B7F8C499 /* Poppins-Regular.ttf */,
				5053068E6DC84A64B5DA8128 /* AntDesign.ttf */,
				E5E0EA3D6D13491EA41A83EB /* Entypo.ttf */,
				31EF2357F6BF4EF5BC747F87 /* EvilIcons.ttf */,
				56ECF3AF34354665A20ED739 /* Feather.ttf */,
				E1232987DD6A4BDE8DF0897A /* FontAwesome.ttf */,
				006540A7A80C4924AFD3B5ED /* FontAwesome5_Brands.ttf */,
				75D1293EFBE44B09941AFEEA /* FontAwesome5_Regular.ttf */,
				3383DE373645464EB70B8758 /* FontAwesome5_Solid.ttf */,
				C0679F7F1F994CA090A7A5CE /* Fontisto.ttf */,
				B00C4717138240A4BF417528 /* Foundation.ttf */,
				0AED763BADBC43E39D3187FE /* Ionicons.ttf */,
				B1122C5AE78F4C1C89AC8B8D /* MaterialCommunityIcons.ttf */,
				516D5143C907465997145018 /* MaterialIcons.ttf */,
				AF6B3D0CC35648D6BA8FBEAA /* Octicons.ttf */,
				29714460A14F4A38A2A16E28 /* SimpleLineIcons.ttf */,
				3B0EF6FB6ED44209A4C03F10 /* Zocial.ttf */,
				D975DEF25ECA4F71B8B7810F /* vincHand.ttf */,
				72D366ADFAD4410BB8C2597C /* Roboto-Regular.ttf */,
				55910FF500BF44E4832EBA40 /* NewTegomin-Regular.ttf */,
				9695745391DC45BB8A8528E8 /* Roboto-Regular.ttf */,
				30F6F57A0902477E9766DDCD /* Roboto-Black.ttf */,
				C1B03022645E44D68FC0CA49 /* Roboto-BlackItalic.ttf */,
				F7E32B97FFFD46378DF82787 /* Roboto-Bold.ttf */,
				1DA43243CC38495FB64656D6 /* Roboto-BoldItalic.ttf */,
				4F284E9D7D1F4EF8A28DF873 /* Roboto-Italic.ttf */,
				740A1839E9374F459F51DB45 /* Roboto-Light.ttf */,
				09870B1E7A054A19BD75E990 /* Roboto-LightItalic.ttf */,
				55B73FC21B854D96816467F5 /* Roboto-Medium.ttf */,
				760E7D0E64AB4589A3E59939 /* Roboto-MediumItalic.ttf */,
				A6F00F7C345545A68BAB5A52 /* Roboto-Thin.ttf */,
				065843BE4E694401BB1573C8 /* Roboto-ThinItalic.ttf */,
				7C4D5578823E40F09E434096 /* Roboto-Black.ttf */,
				AAD9A8F9AA334D078FD9F2FA /* Roboto-BlackItalic.ttf */,
				F70B03F73BB84A22B44E9440 /* Roboto-Bold.ttf */,
				7ADB95ADB91741ACA4D01272 /* Roboto-BoldItalic.ttf */,
				DBD4B08D9B57480CB08ED5A4 /* Roboto-Italic.ttf */,
				2AB30ADFD1D94F86BA4E51D6 /* Roboto-Light.ttf */,
				22A1B81A0B804D02AA47FD36 /* Roboto-LightItalic.ttf */,
				91CD55BCADBA463BA066BB2F /* Roboto-Medium.ttf */,
				AD84C97DAEB041E08E18DC68 /* Roboto-MediumItalic.ttf */,
				B322AB25C4544DA2BD2D5662 /* Roboto-Thin.ttf */,
				6F3638EAC51343A5BA7848B6 /* Roboto-ThinItalic.ttf */,
			);
			name = Resources;
			sourceTree = "<group>";
			path = "";
		};
/* End PBXGroup section */

/* Begin PBXNativeTarget section */
		00E356ED1AD99517003FC87E /* chicago_tabernacleTests */ = {
			isa = PBXNativeTarget;
			buildConfigurationList = 00E357021AD99517003FC87E /* Build configuration list for PBXNativeTarget "chicago_tabernacleTests" */;
			buildPhases = (
				00E356EA1AD99517003FC87E /* Sources */,
				00E356EB1AD99517003FC87E /* Frameworks */,
				00E356EC1AD99517003FC87E /* Resources */,
			);
			buildRules = (
			);
			dependencies = (
				00E356F51AD99517003FC87E /* PBXTargetDependency */,
			);
			name = chicago_tabernacleTests;
			productName = chicago_tabernacleTests;
			productReference = 00E356EE1AD99517003FC87E /* chicago_tabernacleTests.xctest */;
			productType = "com.apple.product-type.bundle.unit-test";
		};
		13B07F861A680F5B00A75B9A /* chicago_tabernacle */ = {
			isa = PBXNativeTarget;
			buildConfigurationList = 13B07F931A680F5B00A75B9A /* Build configuration list for PBXNativeTarget "chicago_tabernacle" */;
			buildPhases = (
				FD10A7F022414F080027D42C /* Start Packager */,
				13B07F871A680F5B00A75B9A /* Sources */,
				13B07F8C1A680F5B00A75B9A /* Frameworks */,
				13B07F8E1A680F5B00A75B9A /* Resources */,
				00DD1BFF1BD5951E006B06BC /* Bundle React Native code and images */,
			);
			buildRules = (
			);
			dependencies = (
			);
			name = chicago_tabernacle;
			productName = chicago_tabernacle;
			productReference = 13B07F961A680F5B00A75B9A /* chicago_tabernacle.app */;
			productType = "com.apple.product-type.application";
		};
/* End PBXNativeTarget section */

/* Begin PBXProject section */
		83CBB9F71A601CBA00E9B192 /* Project object */ = {
			isa = PBXProject;
			attributes = {
				LastUpgradeCheck = 1210;
				TargetAttributes = {
					00E356ED1AD99517003FC87E = {
						CreatedOnToolsVersion = 6.2;
						TestTargetID = 13B07F861A680F5B00A75B9A;
					};
					13B07F861A680F5B00A75B9A = {
						LastSwiftMigration = 1120;
					};
				};
			};
			buildConfigurationList = 83CBB9FA1A601CBA00E9B192 /* Build configuration list for PBXProject "chicago_tabernacle" */;
			compatibilityVersion = "Xcode 12.0";
			developmentRegion = en;
			hasScannedForEncodings = 0;
			knownRegions = (
				en,
				Base,
			);
			mainGroup = 83CBB9F61A601CBA00E9B192;
			productRefGroup = 83CBBA001A601CBA00E9B192 /* Products */;
			projectDirPath = "";
			projectRoot = "";
			targets = (
				13B07F861A680F5B00A75B9A /* chicago_tabernacle */,
				00E356ED1AD99517003FC87E /* chicago_tabernacleTests */,
			);
		};
/* End PBXProject section */

/* Begin PBXResourcesBuildPhase section */
		00E356EC1AD99517003FC87E /* Resources */ = {
			isa = PBXResourcesBuildPhase;
			buildActionMask = 2147483647;
			files = (
			);
			runOnlyForDeploymentPostprocessing = 0;
		};
		13B07F8E1A680F5B00A75B9A /* Resources */ = {
			isa = PBXResourcesBuildPhase;
			buildActionMask = 2147483647;
			files = (
				81AB9BB82411601600AC10FF /* LaunchScreen.storyboard in Resources */,
				13B07FBF1A68108700A75B9A /* Images.xcassets in Resources */,
				23F41670FFD24F64B70C64FD /* Oswald-Bold.ttf in Resources */,
				6B8B1C46C3A445AA89622BDA /* Oswald-ExtraLight.ttf in Resources */,
				20E52F70F5944A14902C7A18 /* Oswald-Light.ttf in Resources */,
				002C07CA88E74FE48599167D /* Oswald-Medium.ttf in Resources */,
				6ADEC8CB9F0D441C907B0817 /* Oswald-Regular.ttf in Resources */,
				1F1560A78E6F425DBB195102 /* Oswald-SemiBold.ttf in Resources */,
				DEE18E09A210423C993621A6 /* Lato-Black.ttf in Resources */,
				E540B9ACF1DE4142A3970FC5 /* Lato-BlackItalic.ttf in Resources */,
				6FDEEA4BB277418E8314A269 /* Lato-Bold.ttf in Resources */,
				3B6E3701220245A29A9A5956 /* Lato-BoldItalic.ttf in Resources */,
				0706070B4EDB4B2DB248CF85 /* Lato-Italic.ttf in Resources */,
				2ACCDA4AF17240B1A6611503 /* Lato-Light.ttf in Resources */,
				18645677E38940F8B8D9B931 /* Lato-LightItalic.ttf in Resources */,
				2633E9C14A85439BBCC93CED /* Lato-Regular.ttf in Resources */,
				5087F183D8BE4917AF5AEAF6 /* Lato-Thin.ttf in Resources */,
				27CCB7720D28480EAF2543DA /* Lato-ThinItalic.ttf in Resources */,
				0E5E807DD8B44391B7070405 /* KiwiMaru-Light.ttf in Resources */,
				7ED513140D5B442FB54BBE35 /* KiwiMaru-Medium.ttf in Resources */,
				1C28EBD67A3F4849ACD3FE74 /* KiwiMaru-Regular.ttf in Resources */,
				4CE813379FDB426AB0C211E9 /* Poppins-Regular.ttf in Resources */,
				9994CA5B41814E6DB1A1C953 /* AntDesign.ttf in Resources */,
				ACED25314C2142D9A77CB1C9 /* Entypo.ttf in Resources */,
				CA8E9BBFB98947A69983C576 /* EvilIcons.ttf in Resources */,
				98824DB179F3472BAC1CB1FE /* Feather.ttf in Resources */,
				C5BC9580D295478DADBC970B /* FontAwesome.ttf in Resources */,
				AAD5BF9F485A47EAB0214B62 /* FontAwesome5_Brands.ttf in Resources */,
				CFAE87A15C024F73809A9B39 /* FontAwesome5_Regular.ttf in Resources */,
				1D12D4A0AC5C46DB963818E9 /* FontAwesome5_Solid.ttf in Resources */,
				7A37759A68E04F4590AE3AAF /* Fontisto.ttf in Resources */,
				3E2E23E2D1C34F30B71CFCC7 /* Foundation.ttf in Resources */,
				01E9C163AB7A47DFAB3F3F0F /* Ionicons.ttf in Resources */,
				70DD7FE93F4946BD9CCE2A10 /* MaterialCommunityIcons.ttf in Resources */,
				266A15520E5848E3A827B6C7 /* MaterialIcons.ttf in Resources */,
				268B303A653A4288AD581091 /* Octicons.ttf in Resources */,
				1427DEFEBF3B4BB9A6427134 /* SimpleLineIcons.ttf in Resources */,
				38943BB5C6B940CB92BF9258 /* Zocial.ttf in Resources */,
				B1BE3336DC4D439EA366F79A /* vincHand.ttf in Resources */,
				E51212D9BB3249B688A85626 /* Roboto-Regular.ttf in Resources */,
				B7961B3D1D9543C9A72A54FD /* NewTegomin-Regular.ttf in Resources */,
				49D220FFFDCE453BBFF22E42 /* Roboto-Regular.ttf in Resources */,
				56485E05F62C43D3993964ED /* Roboto-Black.ttf in Resources */,
				9A0E25280E674BB6ABDB2CC8 /* Roboto-BlackItalic.ttf in Resources */,
				D064EF47E9A040D1AB466A92 /* Roboto-Bold.ttf in Resources */,
				6CE6A4D0744C47EB8951FB05 /* Roboto-BoldItalic.ttf in Resources */,
				A405D74E6B71426383725E7D /* Roboto-Italic.ttf in Resources */,
				F9D48455369E4D078EAF5F81 /* Roboto-Light.ttf in Resources */,
				E1F7185D0BD1496197D86FF9 /* Roboto-LightItalic.ttf in Resources */,
				4604583023A444DEB12648B2 /* Roboto-Medium.ttf in Resources */,
				392ABCF450A64A2DBB5C4FDA /* Roboto-MediumItalic.ttf in Resources */,
				E0B3541053694DD983281388 /* Roboto-Thin.ttf in Resources */,
				12EF71796ECF42ADB85D0903 /* Roboto-ThinItalic.ttf in Resources */,
				D8DDC85E5D6D4FB4B9D631FB /* Roboto-Black.ttf in Resources */,
				1CA2C3AAE2D14D268A02C8DC /* Roboto-BlackItalic.ttf in Resources */,
				D85ADA164DB1486CB335861D /* Roboto-Bold.ttf in Resources */,
				55D259FA3538466B992245AC /* Roboto-BoldItalic.ttf in Resources */,
				91D994BF9F3D46D596D02911 /* Roboto-Italic.ttf in Resources */,
				CCFAF3C27ECE4883A9346DCE /* Roboto-Light.ttf in Resources */,
				2B203C4E9ECF44F78801EEB3 /* Roboto-LightItalic.ttf in Resources */,
				DA033C1F263346FCBFA7BC04 /* Roboto-Medium.ttf in Resources */,
				B668C6D0D60A46BD8B32E71B /* Roboto-MediumItalic.ttf in Resources */,
				5BB5EE28C6D04F9E8BBEE6A6 /* Roboto-Thin.ttf in Resources */,
				AE8C382662024E4C8E220756 /* Roboto-ThinItalic.ttf in Resources */,
			);
			runOnlyForDeploymentPostprocessing = 0;
		};
/* End PBXResourcesBuildPhase section */

/* Begin PBXShellScriptBuildPhase section */
		00DD1BFF1BD5951E006B06BC /* Bundle React Native code and images */ = {
			isa = PBXShellScriptBuildPhase;
			buildActionMask = 2147483647;
			files = (
			);
			inputPaths = (
			);
			name = "Bundle React Native code and images";
			outputPaths = (
			);
			runOnlyForDeploymentPostprocessing = 0;
			shellPath = /bin/sh;
			shellScript = "set -e\n\nexport NODE_BINARY=node\n../node_modules/react-native/scripts/react-native-xcode.sh\n";
		};
		FD10A7F022414F080027D42C /* Start Packager */ = {
			isa = PBXShellScriptBuildPhase;
			buildActionMask = 2147483647;
			files = (
			);
			inputFileListPaths = (
			);
			inputPaths = (
			);
			name = "Start Packager";
			outputFileListPaths = (
			);
			outputPaths = (
			);
			runOnlyForDeploymentPostprocessing = 0;
			shellPath = /bin/sh;
			shellScript = "export RCT_METRO_PORT=\"${RCT_METRO_PORT:=8081}\"\necho \"export RCT_METRO_PORT=${RCT_METRO_PORT}\" > \"${SRCROOT}/../node_modules/react-native/scripts/.packager.env\"\nif [ -z \"${RCT_NO_LAUNCH_PACKAGER+xxx}\" ] ; then\n  if nc -w 5 -z localhost ${RCT_METRO_PORT} ; then\n    if ! curl -s \"http://localhost:${RCT_METRO_PORT}/status\" | grep -q \"packager-status:running\" ; then\n      echo \"Port ${RCT_METRO_PORT} already in use, packager is either not running or not running correctly\"\n      exit 2\n    fi\n  else\n    open \"$SRCROOT/../node_modules/react-native/scripts/launchPackager.command\" || echo \"Can't start packager automatically\"\n  fi\nfi\n";
			showEnvVarsInLog = 0;
		};
/* End PBXShellScriptBuildPhase section */

/* Begin PBXSourcesBuildPhase section */
		00E356EA1AD99517003FC87E /* Sources */ = {
			isa = PBXSourcesBuildPhase;
			buildActionMask = 2147483647;
			files = (
				00E356F31AD99517003FC87E /* chicago_tabernacleTests.m in Sources */,
			);
			runOnlyForDeploymentPostprocessing = 0;
		};
		13B07F871A680F5B00A75B9A /* Sources */ = {
			isa = PBXSourcesBuildPhase;
			buildActionMask = 2147483647;
			files = (
				13B07FBC1A68108700A75B9A /* AppDelegate.m in Sources */,
				13B07FC11A68108700A75B9A /* main.m in Sources */,
			);
			runOnlyForDeploymentPostprocessing = 0;
		};
/* End PBXSourcesBuildPhase section */

/* Begin PBXTargetDependency section */
		00E356F51AD99517003FC87E /* PBXTargetDependency */ = {
			isa = PBXTargetDependency;
			target = 13B07F861A680F5B00A75B9A /* chicago_tabernacle */;
			targetProxy = 00E356F41AD99517003FC87E /* PBXContainerItemProxy */;
		};
/* End PBXTargetDependency section */

/* Begin XCBuildConfiguration section */
		00E356F61AD99517003FC87E /* Debug */ = {
			isa = XCBuildConfiguration;
			buildSettings = {
				BUNDLE_LOADER = "$(TEST_HOST)";
				GCC_PREPROCESSOR_DEFINITIONS = (
					"DEBUG=1",
					"$(inherited)",
				);
				INFOPLIST_FILE = chicago_tabernacleTests/Info.plist;
				IPHONEOS_DEPLOYMENT_TARGET = 10.0;
				LD_RUNPATH_SEARCH_PATHS = (
					"$(inherited)",
					"@executable_path/Frameworks",
					"@loader_path/Frameworks",
				);
				OTHER_LDFLAGS = (
					"-ObjC",
					"-lc++",
					"$(inherited)",
				);
				PRODUCT_BUNDLE_IDENTIFIER = "org.reactjs.native.example.$(PRODUCT_NAME:rfc1034identifier)";
				PRODUCT_NAME = "$(TARGET_NAME)";
				TEST_HOST = "$(BUILT_PRODUCTS_DIR)/chicago_tabernacle.app/chicago_tabernacle";
			};
			name = Debug;
		};
		00E356F71AD99517003FC87E /* Release */ = {
			isa = XCBuildConfiguration;
			buildSettings = {
				BUNDLE_LOADER = "$(TEST_HOST)";
				COPY_PHASE_STRIP = NO;
				INFOPLIST_FILE = chicago_tabernacleTests/Info.plist;
				IPHONEOS_DEPLOYMENT_TARGET = 10.0;
				LD_RUNPATH_SEARCH_PATHS = (
					"$(inherited)",
					"@executable_path/Frameworks",
					"@loader_path/Frameworks",
				);
				OTHER_LDFLAGS = (
					"-ObjC",
					"-lc++",
					"$(inherited)",
				);
				PRODUCT_BUNDLE_IDENTIFIER = "org.reactjs.native.example.$(PRODUCT_NAME:rfc1034identifier)";
				PRODUCT_NAME = "$(TARGET_NAME)";
				TEST_HOST = "$(BUILT_PRODUCTS_DIR)/chicago_tabernacle.app/chicago_tabernacle";
			};
			name = Release;
		};
		13B07F941A680F5B00A75B9A /* Debug */ = {
			isa = XCBuildConfiguration;
			buildSettings = {
				ASSETCATALOG_COMPILER_APPICON_NAME = AppIcon;
				CLANG_ENABLE_MODULES = YES;
				CURRENT_PROJECT_VERSION = 1;
				ENABLE_BITCODE = NO;
				INFOPLIST_FILE = chicago_tabernacle/Info.plist;
				LD_RUNPATH_SEARCH_PATHS = (
					"$(inherited)",
					"@executable_path/Frameworks",
				);
				OTHER_LDFLAGS = (
					"$(inherited)",
					"-ObjC",
					"-lc++",
				);
				PRODUCT_BUNDLE_IDENTIFIER = "org.reactjs.native.example.$(PRODUCT_NAME:rfc1034identifier)";
				PRODUCT_NAME = chicago_tabernacle;
				SWIFT_OPTIMIZATION_LEVEL = "-Onone";
				SWIFT_VERSION = 5.0;
				VERSIONING_SYSTEM = "apple-generic";
			};
			name = Debug;
		};
		13B07F951A680F5B00A75B9A /* Release */ = {
			isa = XCBuildConfiguration;
			buildSettings = {
				ASSETCATALOG_COMPILER_APPICON_NAME = AppIcon;
				CLANG_ENABLE_MODULES = YES;
				CURRENT_PROJECT_VERSION = 1;
				INFOPLIST_FILE = chicago_tabernacle/Info.plist;
				LD_RUNPATH_SEARCH_PATHS = (
					"$(inherited)",
					"@executable_path/Frameworks",
				);
				OTHER_LDFLAGS = (
					"$(inherited)",
					"-ObjC",
					"-lc++",
				);
				PRODUCT_BUNDLE_IDENTIFIER = "org.reactjs.native.example.$(PRODUCT_NAME:rfc1034identifier)";
				PRODUCT_NAME = chicago_tabernacle;
				SWIFT_VERSION = 5.0;
				VERSIONING_SYSTEM = "apple-generic";
			};
			name = Release;
		};
		83CBBA201A601CBA00E9B192 /* Debug */ = {
			isa = XCBuildConfiguration;
			buildSettings = {
				ALWAYS_SEARCH_USER_PATHS = NO;
				CLANG_ANALYZER_LOCALIZABILITY_NONLOCALIZED = YES;
				CLANG_CXX_LANGUAGE_STANDARD = "gnu++0x";
				CLANG_CXX_LIBRARY = "libc++";
				CLANG_ENABLE_MODULES = YES;
				CLANG_ENABLE_OBJC_ARC = YES;
				CLANG_WARN_BLOCK_CAPTURE_AUTORELEASING = YES;
				CLANG_WARN_BOOL_CONVERSION = YES;
				CLANG_WARN_COMMA = YES;
				CLANG_WARN_CONSTANT_CONVERSION = YES;
				CLANG_WARN_DEPRECATED_OBJC_IMPLEMENTATIONS = YES;
				CLANG_WARN_DIRECT_OBJC_ISA_USAGE = YES_ERROR;
				CLANG_WARN_EMPTY_BODY = YES;
				CLANG_WARN_ENUM_CONVERSION = YES;
				CLANG_WARN_INFINITE_RECURSION = YES;
				CLANG_WARN_INT_CONVERSION = YES;
				CLANG_WARN_NON_LITERAL_NULL_CONVERSION = YES;
				CLANG_WARN_OBJC_IMPLICIT_RETAIN_SELF = YES;
				CLANG_WARN_OBJC_LITERAL_CONVERSION = YES;
				CLANG_WARN_OBJC_ROOT_CLASS = YES_ERROR;
				CLANG_WARN_QUOTED_INCLUDE_IN_FRAMEWORK_HEADER = YES;
				CLANG_WARN_RANGE_LOOP_ANALYSIS = YES;
				CLANG_WARN_STRICT_PROTOTYPES = YES;
				CLANG_WARN_SUSPICIOUS_MOVE = YES;
				CLANG_WARN_UNREACHABLE_CODE = YES;
				CLANG_WARN__DUPLICATE_METHOD_MATCH = YES;
				"CODE_SIGN_IDENTITY[sdk=iphoneos*]" = "iPhone Developer";
				COPY_PHASE_STRIP = NO;
				ENABLE_STRICT_OBJC_MSGSEND = YES;
				ENABLE_TESTABILITY = YES;
				GCC_C_LANGUAGE_STANDARD = gnu99;
				GCC_DYNAMIC_NO_PIC = NO;
				GCC_NO_COMMON_BLOCKS = YES;
				GCC_OPTIMIZATION_LEVEL = 0;
				GCC_PREPROCESSOR_DEFINITIONS = (
					"DEBUG=1",
					"$(inherited)",
				);
				GCC_SYMBOLS_PRIVATE_EXTERN = NO;
				GCC_WARN_64_TO_32_BIT_CONVERSION = YES;
				GCC_WARN_ABOUT_RETURN_TYPE = YES_ERROR;
				GCC_WARN_UNDECLARED_SELECTOR = YES;
				GCC_WARN_UNINITIALIZED_AUTOS = YES_AGGRESSIVE;
				GCC_WARN_UNUSED_FUNCTION = YES;
				GCC_WARN_UNUSED_VARIABLE = YES;
				IPHONEOS_DEPLOYMENT_TARGET = 10.0;
				LD_RUNPATH_SEARCH_PATHS = (
					/usr/lib/swift,
					"$(inherited)",
				);
				LIBRARY_SEARCH_PATHS = (
					"\"$(TOOLCHAIN_DIR)/usr/lib/swift/$(PLATFORM_NAME)\"",
					"\"$(TOOLCHAIN_DIR)/usr/lib/swift-5.0/$(PLATFORM_NAME)\"",
					"\"$(inherited)\"",
				);
				MTL_ENABLE_DEBUG_INFO = YES;
				ONLY_ACTIVE_ARCH = YES;
				SDKROOT = iphoneos;
			};
			name = Debug;
		};
		83CBBA211A601CBA00E9B192 /* Release */ = {
			isa = XCBuildConfiguration;
			buildSettings = {
				ALWAYS_SEARCH_USER_PATHS = NO;
				CLANG_ANALYZER_LOCALIZABILITY_NONLOCALIZED = YES;
				CLANG_CXX_LANGUAGE_STANDARD = "gnu++0x";
				CLANG_CXX_LIBRARY = "libc++";
				CLANG_ENABLE_MODULES = YES;
				CLANG_ENABLE_OBJC_ARC = YES;
				CLANG_WARN_BLOCK_CAPTURE_AUTORELEASING = YES;
				CLANG_WARN_BOOL_CONVERSION = YES;
				CLANG_WARN_COMMA = YES;
				CLANG_WARN_CONSTANT_CONVERSION = YES;
				CLANG_WARN_DEPRECATED_OBJC_IMPLEMENTATIONS = YES;
				CLANG_WARN_DIRECT_OBJC_ISA_USAGE = YES_ERROR;
				CLANG_WARN_EMPTY_BODY = YES;
				CLANG_WARN_ENUM_CONVERSION = YES;
				CLANG_WARN_INFINITE_RECURSION = YES;
				CLANG_WARN_INT_CONVERSION = YES;
				CLANG_WARN_NON_LITERAL_NULL_CONVERSION = YES;
				CLANG_WARN_OBJC_IMPLICIT_RETAIN_SELF = YES;
				CLANG_WARN_OBJC_LITERAL_CONVERSION = YES;
				CLANG_WARN_OBJC_ROOT_CLASS = YES_ERROR;
				CLANG_WARN_QUOTED_INCLUDE_IN_FRAMEWORK_HEADER = YES;
				CLANG_WARN_RANGE_LOOP_ANALYSIS = YES;
				CLANG_WARN_STRICT_PROTOTYPES = YES;
				CLANG_WARN_SUSPICIOUS_MOVE = YES;
				CLANG_WARN_UNREACHABLE_CODE = YES;
				CLANG_WARN__DUPLICATE_METHOD_MATCH = YES;
				"CODE_SIGN_IDENTITY[sdk=iphoneos*]" = "iPhone Developer";
				COPY_PHASE_STRIP = YES;
				ENABLE_NS_ASSERTIONS = NO;
				ENABLE_STRICT_OBJC_MSGSEND = YES;
				GCC_C_LANGUAGE_STANDARD = gnu99;
				GCC_NO_COMMON_BLOCKS = YES;
				GCC_WARN_64_TO_32_BIT_CONVERSION = YES;
				GCC_WARN_ABOUT_RETURN_TYPE = YES_ERROR;
				GCC_WARN_UNDECLARED_SELECTOR = YES;
				GCC_WARN_UNINITIALIZED_AUTOS = YES_AGGRESSIVE;
				GCC_WARN_UNUSED_FUNCTION = YES;
				GCC_WARN_UNUSED_VARIABLE = YES;
				IPHONEOS_DEPLOYMENT_TARGET = 10.0;
				LD_RUNPATH_SEARCH_PATHS = (
					/usr/lib/swift,
					"$(inherited)",
				);
				LIBRARY_SEARCH_PATHS = (
					"\"$(TOOLCHAIN_DIR)/usr/lib/swift/$(PLATFORM_NAME)\"",
					"\"$(TOOLCHAIN_DIR)/usr/lib/swift-5.0/$(PLATFORM_NAME)\"",
					"\"$(inherited)\"",
				);
				MTL_ENABLE_DEBUG_INFO = NO;
				SDKROOT = iphoneos;
				VALIDATE_PRODUCT = YES;
			};
			name = Release;
		};
/* End XCBuildConfiguration section */

/* Begin XCConfigurationList section */
		00E357021AD99517003FC87E /* Build configuration list for PBXNativeTarget "chicago_tabernacleTests" */ = {
			isa = XCConfigurationList;
			buildConfigurations = (
				00E356F61AD99517003FC87E /* Debug */,
				00E356F71AD99517003FC87E /* Release */,
			);
			defaultConfigurationIsVisible = 0;
			defaultConfigurationName = Release;
		};
		13B07F931A680F5B00A75B9A /* Build configuration list for PBXNativeTarget "chicago_tabernacle" */ = {
			isa = XCConfigurationList;
			buildConfigurations = (
				13B07F941A680F5B00A75B9A /* Debug */,
				13B07F951A680F5B00A75B9A /* Release */,
			);
			defaultConfigurationIsVisible = 0;
			defaultConfigurationName = Release;
		};
		83CBB9FA1A601CBA00E9B192 /* Build configuration list for PBXProject "chicago_tabernacle" */ = {
			isa = XCConfigurationList;
			buildConfigurations = (
				83CBBA201A601CBA00E9B192 /* Debug */,
				83CBBA211A601CBA00E9B192 /* Release */,
			);
			defaultConfigurationIsVisible = 0;
			defaultConfigurationName = Release;
		};
/* End XCConfigurationList section */
	};
	rootObject = 83CBB9F71A601CBA00E9B192 /* Project object */;
}
